
Microsoft Visual Studio Solution File, Format Version 12.00
# Visual Studio Version 17
VisualStudioVersion = 17.1.32328.378
MinimumVisualStudioVersion = 10.0.40219.1
Project("{FAE04EC0-301F-11D3-BF4B-00C04F79EFBC}") = "TeleTraderApplicationProject.API", "TeleTraderApplicationProject.API\TeleTraderApplicationProject.API.csproj", "{D307DB0B-9FF3-4AD6-9F4D-2ADA7007E532}"
EndProject
Project("{FAE04EC0-301F-11D3-BF4B-00C04F79EFBC}") = "TeleTraderApplicationProject.Application", "TeleTraderApplicationProject.Application\TeleTraderApplicationProject.Application.csproj", "{35C967C4-0DD8-423C-B91E-1456C3A2269B}"
EndProject
Project("{FAE04EC0-301F-11D3-BF4B-00C04F79EFBC}") = "TeleTraderApplicationProject.Implementation", "TeleTraderApplicationProject.Implementation\TeleTraderApplicationProject.Implementation.csproj", "{34F5F872-2B54-4695-8A1D-A83DB2FC605A}"
EndProject
Global
	GlobalSection(SolutionConfigurationPlatforms) = preSolution
		Debug|Any CPU = Debug|Any CPU
		Release|Any CPU = Release|Any CPU
	EndGlobalSection
	GlobalSection(ProjectConfigurationPlatforms) = postSolution
		{D307DB0B-9FF3-4AD6-9F4D-2ADA7007E532}.Debug|Any CPU.ActiveCfg = Debug|Any CPU
		{D307DB0B-9FF3-4AD6-9F4D-2ADA7007E532}.Debug|Any CPU.Build.0 = Debug|Any CPU
		{D307DB0B-9FF3-4AD6-9F4D-2ADA7007E532}.Release|Any CPU.ActiveCfg = Release|Any CPU
		{D307DB0B-9FF3-4AD6-9F4D-2ADA7007E532}.Release|Any CPU.Build.0 = Release|Any CPU
		{35C967C4-0DD8-423C-B91E-1456C3A2269B}.Debug|Any CPU.ActiveCfg = Debug|Any CPU
		{35C967C4-0DD8-423C-B91E-1456C3A2269B}.Debug|Any CPU.Build.0 = Debug|Any CPU
		{35C967C4-0DD8-423C-B91E-1456C3A2269B}.Release|Any CPU.ActiveCfg = Release|Any CPU
		{35C967C4-0DD8-423C-B91E-1456C3A2269B}.Release|Any CPU.Build.0 = Release|Any CPU
		{34F5F872-2B54-4695-8A1D-A83DB2FC605A}.Debug|Any CPU.ActiveCfg = Debug|Any CPU
		{34F5F872-2B54-4695-8A1D-A83DB2FC605A}.Debug|Any CPU.Build.0 = Debug|Any CPU
		{34F5F872-2B54-4695-8A1D-A83DB2FC605A}.Release|Any CPU.ActiveCfg = Release|Any CPU
		{34F5F872-2B54-4695-8A1D-A83DB2FC605A}.Release|Any CPU.Build.0 = Release|Any CPU
	EndGlobalSection
	GlobalSection(SolutionProperties) = preSolution
		HideSolutionNode = FALSE
	EndGlobalSection
	GlobalSection(ExtensibilityGlobals) = postSolution
		SolutionGuid = {FCAEB9CA-966D-43B9-8D56-D077A4B285D8}
	EndGlobalSection
EndGlobal
